
Microsoft Visual Studio Solution File, Format Version 12.00
# Visual Studio Version 16
VisualStudioVersion = 16.0.31515.178
MinimumVisualStudioVersion = 10.0.40219.1
Project("{FAE04EC0-301F-11D3-BF4B-00C04F79EFBC}") = "NotKayitSistemi", "NotKayitSistemi\NotKayitSistemi.csproj", "{A48F5D1B-7F7D-4EDC-818B-366CD11B1841}"
EndProject
Global
	GlobalSection(SolutionConfigurationPlatforms) = preSolution
		Debug|Any CPU = Debug|Any CPU
		Release|Any CPU = Release|Any CPU
	EndGlobalSection
	GlobalSection(ProjectConfigurationPlatforms) = postSolution
		{A48F5D1B-7F7D-4EDC-818B-366CD11B1841}.Debug|Any CPU.ActiveCfg = Debug|Any CPU
		{A48F5D1B-7F7D-4EDC-818B-366CD11B1841}.Debug|Any CPU.Build.0 = Debug|Any CPU
		{A48F5D1B-7F7D-4EDC-818B-366CD11B1841}.Release|Any CPU.ActiveCfg = Release|Any CPU
		{A48F5D1B-7F7D-4EDC-818B-366CD11B1841}.Release|Any CPU.Build.0 = Release|Any CPU
	EndGlobalSection
	GlobalSection(SolutionProperties) = preSolution
		HideSolutionNode = FALSE
	EndGlobalSection
	GlobalSection(ExtensibilityGlobals) = postSolution
		SolutionGuid = {2693C310-D3E7-4088-957F-2B218C630008}
	EndGlobalSection
EndGlobal
